%{"base64url": {:hex, :base64url, "0.0.1", "36a90125f5948e3afd7be97662a1504b934dd5dac78451ca6e9abf85a10286be", [:rebar], []},
  "benchfella": {:hex, :benchfella, "0.3.2", "b9648e77fa8d8b8b9fe8f54293bee63f7de03909b3af6ab22a0e546716a396fb", [:mix], []},
  "bunt": {:hex, :bunt, "0.1.6", "5d95a6882f73f3b9969fdfd1953798046664e6f77ec4e486e6fafc7caad97c6f", [:mix], []},
  "certifi": {:hex, :certifi, "0.4.0", "a7966efb868b179023618d29a407548f70c52466bf1849b9e8ebd0e34b7ea11f", [:rebar3], []},
  "credo": {:hex, :credo, "0.4.8", "1e71a4c21a4bead4911498d3e0f72a90f500075cf132c3ad8976b5a474b4c594", [:mix], [{:bunt, "~> 0.1.6", [hex: :bunt, optional: false]}]},
  "earmark": {:hex, :earmark, "1.0.1", "2c2cd903bfdc3de3f189bd9a8d4569a075b88a8981ded9a0d95672f6e2b63141", [:mix], []},
  "ex_doc": {:hex, :ex_doc, "0.13.0", "aa2f8fe4c6136a2f7cfc0a7e06805f82530e91df00e2bff4b4362002b43ada65", [:mix], [{:earmark, "~> 1.0", [hex: :earmark, optional: false]}]},
  "excoveralls": {:hex, :excoveralls, "0.5.5", "d97b6fc7aa59c5f04f2fa7ec40fc0b7555ceea2a5f7e7c442aad98ddd7f79002", [:mix], [{:exjsx, "~> 3.0", [hex: :exjsx, optional: false]}, {:hackney, ">= 0.12.0", [hex: :hackney, optional: false]}]},
  "exjsx": {:hex, :exjsx, "3.2.0", "7136cc739ace295fc74c378f33699e5145bead4fdc1b4799822d0287489136fb", [:mix], [{:jsx, "~> 2.6.2", [hex: :jsx, optional: false]}]},
  "hackney": {:hex, :hackney, "1.6.1", "ddd22d42db2b50e6a155439c8811b8f6df61a4395de10509714ad2751c6da817", [:rebar3], [{:certifi, "0.4.0", [hex: :certifi, optional: false]}, {:idna, "1.2.0", [hex: :idna, optional: false]}, {:metrics, "1.0.1", [hex: :metrics, optional: false]}, {:mimerl, "1.0.2", [hex: :mimerl, optional: false]}, {:ssl_verify_fun, "1.1.0", [hex: :ssl_verify_fun, optional: false]}]},
  "idna": {:hex, :idna, "1.2.0", "ac62ee99da068f43c50dc69acf700e03a62a348360126260e87f2b54eced86b2", [:rebar3], []},
  "jose": {:hex, :jose, "1.8.0", "1ee027c5c0ff3922e3bfe58f7891509e8f87f771ba609ee859e623cc60237574", [:mix, :rebar3], [{:base64url, "~> 0.0.1", [hex: :base64url, optional: false]}]},
  "jsx": {:hex, :jsx, "2.6.2", "213721e058da0587a4bce3cc8a00ff6684ced229c8f9223245c6ff2c88fbaa5a", [:mix, :rebar], []},
  "keccakf1600": {:hex, :keccakf1600, "2.0.0", "69d02d844a101bf3c75484c9e334fd04b0f57280727e881cac3bd8240432f43a", [:rebar3], []},
  "libdecaf": {:hex, :libdecaf, "0.0.3", "899b02e86ea6abcf4ce3831753cedfd5a91881d29e9c0a4fba591452c53ecc80", [:rebar3], []},
  "libsodium": {:hex, :libsodium, "0.0.9", "c2417f1c8112e755765cce8fe3b48b65c96f4a84af379d63c25db517353b5b01", [:rebar3], []},
  "metrics": {:hex, :metrics, "1.0.1", "25f094dea2cda98213cecc3aeff09e940299d950904393b2a29d191c346a8486", [:rebar3], []},
  "mime": {:hex, :mime, "1.0.1", "05c393850524767d13a53627df71beeebb016205eb43bfbd92d14d24ec7a1b51", [:mix], []},
  "mimerl": {:hex, :mimerl, "1.0.2", "993f9b0e084083405ed8252b99460c4f0563e41729ab42d9074fd5e52439be88", [:rebar3], []},
  "plug": {:hex, :plug, "1.2.0", "496bef96634a49d7803ab2671482f0c5ce9ce0b7b9bc25bc0ae8e09859dd2004", [:mix], [{:cowboy, "~> 1.0", [hex: :cowboy, optional: true]}, {:mime, "~> 1.0", [hex: :mime, optional: false]}]},
  "poison": {:hex, :poison, "3.0.0", "625ebd64d33ae2e65201c2c14d6c85c27cc8b68f2d0dd37828fde9c6920dd131", [:mix], []},
  "ssl_verify_fun": {:hex, :ssl_verify_fun, "1.1.0", "edee20847c42e379bf91261db474ffbe373f8acb56e9079acb6038d4e0bf414f", [:make, :rebar], []},
  "ssl_verify_hostname": {:hex, :ssl_verify_hostname, "1.0.6"}}
